
Microsoft Visual Studio Solution File, Format Version 12.00
# Visual Studio Version 17
VisualStudioVersion = 17.0.31903.59
MinimumVisualStudioVersion = 10.0.40219.1
Project("{FAE04EC0-301F-11D3-BF4B-00C04F79EFBC}") = "Cross-Api", "Cross-Api\Cross-Api.csproj", "{4140FBCB-A6EE-4792-8892-5540D0006BBC}"
EndProject
Project("{FAE04EC0-301F-11D3-BF4B-00C04F79EFBC}") = "Cross-apiConsume", "Cross-apiConsume\Cross-apiConsume.csproj", "{94762829-31C0-4B73-A270-DBFC9291E772}"
EndProject
Global
	GlobalSection(SolutionConfigurationPlatforms) = preSolution
		Debug|Any CPU = Debug|Any CPU
		Release|Any CPU = Release|Any CPU
	EndGlobalSection
	GlobalSection(SolutionProperties) = preSolution
		HideSolutionNode = FALSE
	EndGlobalSection
	GlobalSection(ProjectConfigurationPlatforms) = postSolution
		{4140FBCB-A6EE-4792-8892-5540D0006BBC}.Debug|Any CPU.ActiveCfg = Debug|Any CPU
		{4140FBCB-A6EE-4792-8892-5540D0006BBC}.Debug|Any CPU.Build.0 = Debug|Any CPU
		{4140FBCB-A6EE-4792-8892-5540D0006BBC}.Release|Any CPU.ActiveCfg = Release|Any CPU
		{4140FBCB-A6EE-4792-8892-5540D0006BBC}.Release|Any CPU.Build.0 = Release|Any CPU
		{94762829-31C0-4B73-A270-DBFC9291E772}.Debug|Any CPU.ActiveCfg = Debug|Any CPU
		{94762829-31C0-4B73-A270-DBFC9291E772}.Debug|Any CPU.Build.0 = Debug|Any CPU
		{94762829-31C0-4B73-A270-DBFC9291E772}.Release|Any CPU.ActiveCfg = Release|Any CPU
		{94762829-31C0-4B73-A270-DBFC9291E772}.Release|Any CPU.Build.0 = Release|Any CPU
	EndGlobalSection
EndGlobal
